
Microsoft Visual Studio Solution File, Format Version 12.00
# Visual Studio 14
VisualStudioVersion = 14.0.25420.1
MinimumVisualStudioVersion = 10.0.40219.1
Project("{8BC9CEB8-8B4A-11D0-8D11-00A0C91BC942}") = "Test", "Test\Test.vcxproj", "{5EB8647E-7333-40B1-A979-A5B5CC3C8D65}"
EndProject
Project("{8BC9CEB8-8B4A-11D0-8D11-00A0C91BC942}") = "0-hellowindow", "hellowindow\hellowindow.vcxproj", "{963A1139-E480-4146-BBD5-81410D17519E}"
EndProject
Project("{8BC9CEB8-8B4A-11D0-8D11-00A0C91BC942}") = "1-1-hellotriangle", "hellotriangle\hellotriangle.vcxproj", "{2A56F328-0520-442A-B550-F53FA316303B}"
EndProject
Project("{8BC9CEB8-8B4A-11D0-8D11-00A0C91BC942}") = "1-2-hellotriangle2", "1-2-hellotriangle2\1-2-hellotriangle2.vcxproj", "{8A855D7F-0F0B-46A9-8800-93250E9E48D1}"
EndProject
Project("{8BC9CEB8-8B4A-11D0-8D11-00A0C91BC942}") = "1-3-homework2", "1-3-homework2\1-3-homework2.vcxproj", "{3D243A09-A329-40E1-B98B-96559C58BD8D}"
EndProject
Project("{8BC9CEB8-8B4A-11D0-8D11-00A0C91BC942}") = "2-2shaders-interpolated", "2-1shaders-interpolated\2-1shaders-interpolated.vcxproj", "{FA25717C-D9C1-4199-A98D-5EBCB5DD6617}"
EndProject
Project("{8BC9CEB8-8B4A-11D0-8D11-00A0C91BC942}") = "2-3shaders-using-object", "2-3shaders-using-object\2-3shaders-using-object.vcxproj", "{F40A4B75-DA83-416C-AB93-D8A697AE382B}"
EndProject
Project("{8BC9CEB8-8B4A-11D0-8D11-00A0C91BC942}") = "3-1textures", "3-1textures\3-1textures.vcxproj", "{F1D7054B-BD11-4AE0-B187-3AF34BDE8D9B}"
EndProject
Project("{8BC9CEB8-8B4A-11D0-8D11-00A0C91BC942}") = "3-2textures", "3-2textures\3-2textures.vcxproj", "{34AC43DA-CDCD-4F2C-B85B-70417F0589B0}"
EndProject
Project("{8BC9CEB8-8B4A-11D0-8D11-00A0C91BC942}") = "4-1transformation", "4-1transformation\4-1transformation.vcxproj", "{FDE6709A-E1AD-4BC4-985D-B2A1E3ABE41C}"
EndProject
Project("{8BC9CEB8-8B4A-11D0-8D11-00A0C91BC942}") = "5-1coordinate_systems", "5-1coordinate_systems\5-1coordinate_systems.vcxproj", "{9E500358-49BF-48FE-92F6-571016904BD8}"
EndProject
Project("{8BC9CEB8-8B4A-11D0-8D11-00A0C91BC942}") = "5-2coordinate_systems", "5-2coordinate_systems\5-2coordinate_systems.vcxproj", "{D890AF3F-D095-462C-BA0E-40AD3340CB5E}"
EndProject
Project("{8BC9CEB8-8B4A-11D0-8D11-00A0C91BC942}") = "6-1camera_circle", "6-1camera_circle\6-1camera_circle.vcxproj", "{640E5F2F-7AA0-4FE1-B17D-9DED7D6BB503}"
EndProject
Project("{8BC9CEB8-8B4A-11D0-8D11-00A0C91BC942}") = "6-2camera_with_class", "6-2camera_with_class\6-2camera_with_class.vcxproj", "{3141B47C-891A-49FD-84D2-6AAFF6B580A3}"
EndProject
Project("{8BC9CEB8-8B4A-11D0-8D11-00A0C91BC942}") = "7-1colors_scene", "7-1colors_scene\7-1colors_scene.vcxproj", "{637B8C88-4C69-4469-813C-AC996512F692}"
EndProject
Project("{8BC9CEB8-8B4A-11D0-8D11-00A0C91BC942}") = "7-2basic_lighting", "7-2basic_lighting\7-2basic_lighting.vcxproj", "{CF7D8CE5-8B91-4BE4-9218-A05919F96714}"
EndProject
Project("{8BC9CEB8-8B4A-11D0-8D11-00A0C91BC942}") = "7-3lighting_maps_diffuse", "7-3lighting_maps_diffuse\7-3lighting_maps_diffuse.vcxproj", "{62AA11B5-AD5F-486B-A962-78346F0EA28C}"
EndProject
Project("{8BC9CEB8-8B4A-11D0-8D11-00A0C91BC942}") = "7-4light_casters", "7-4light_casters\7-4light_casters.vcxproj", "{F4845F6B-658F-40BE-8DC3-19244F0048F5}"
EndProject
Project("{8BC9CEB8-8B4A-11D0-8D11-00A0C91BC942}") = "7-5multiple-lights", "7-5multiple-lights\7-5multiple-lights.vcxproj", "{3EE1BB54-0887-4FEB-89E9-B6606260449A}"
EndProject
Project("{8BC9CEB8-8B4A-11D0-8D11-00A0C91BC942}") = "7-6multiple_lights-exercise2", "7-6multiple_lights-exercise2\7-6multiple_lights-exercise2.vcxproj", "{46E281D0-9FFB-42DB-A6C3-88B12B3239BB}"
EndProject
Project("{8BC9CEB8-8B4A-11D0-8D11-00A0C91BC942}") = "8-1mesh", "8-1mesh\8-1mesh.vcxproj", "{CB67D6A2-065C-4E15-AAF6-A75E7B34660D}"
EndProject
Project("{8BC9CEB8-8B4A-11D0-8D11-00A0C91BC942}") = "8-2mesh-test", "8-2mesh-test\8-2mesh-test.vcxproj", "{88DF32B3-8374-4F16-AD5C-4613FBE62A40}"
EndProject
Project("{8BC9CEB8-8B4A-11D0-8D11-00A0C91BC942}") = "9-1depth_testing", "9-1depth_testing\9-1depth_testing.vcxproj", "{C10D934A-6CF3-4C9F-BB4C-4FCDF2B8C23C}"
EndProject
Project("{8BC9CEB8-8B4A-11D0-8D11-00A0C91BC942}") = "9-2stencil_testing", "9-2stencil_testing\9-2stencil_testing.vcxproj", "{6DB482BC-AC04-4F3E-A79B-376D2951C0B0}"
EndProject
Project("{8BC9CEB8-8B4A-11D0-8D11-00A0C91BC942}") = "10-1blending_discard", "10-1blending_discard\10-1blending_discard.vcxproj", "{B85C4BB4-A54D-4D1B-9983-4BB271F00957}"
EndProject
Project("{8BC9CEB8-8B4A-11D0-8D11-00A0C91BC942}") = "10-2blending_sorted", "10-2blending_sorted\10-2blending_sorted.vcxproj", "{D29DCD48-FDB6-4A58-8906-39ACC58C7A27}"
EndProject
Global
	GlobalSection(SolutionConfigurationPlatforms) = preSolution
		Debug|x64 = Debug|x64
		Debug|x86 = Debug|x86
		Release|x64 = Release|x64
		Release|x86 = Release|x86
	EndGlobalSection
	GlobalSection(ProjectConfigurationPlatforms) = postSolution
		{5EB8647E-7333-40B1-A979-A5B5CC3C8D65}.Debug|x64.ActiveCfg = Debug|x64
		{5EB8647E-7333-40B1-A979-A5B5CC3C8D65}.Debug|x64.Build.0 = Debug|x64
		{5EB8647E-7333-40B1-A979-A5B5CC3C8D65}.Debug|x86.ActiveCfg = Debug|Win32
		{5EB8647E-7333-40B1-A979-A5B5CC3C8D65}.Debug|x86.Build.0 = Debug|Win32
		{5EB8647E-7333-40B1-A979-A5B5CC3C8D65}.Release|x64.ActiveCfg = Release|x64
		{5EB8647E-7333-40B1-A979-A5B5CC3C8D65}.Release|x64.Build.0 = Release|x64
		{5EB8647E-7333-40B1-A979-A5B5CC3C8D65}.Release|x86.ActiveCfg = Release|Win32
		{5EB8647E-7333-40B1-A979-A5B5CC3C8D65}.Release|x86.Build.0 = Release|Win32
		{963A1139-E480-4146-BBD5-81410D17519E}.Debug|x64.ActiveCfg = Debug|x64
		{963A1139-E480-4146-BBD5-81410D17519E}.Debug|x64.Build.0 = Debug|x64
		{963A1139-E480-4146-BBD5-81410D17519E}.Debug|x86.ActiveCfg = Debug|Win32
		{963A1139-E480-4146-BBD5-81410D17519E}.Debug|x86.Build.0 = Debug|Win32
		{963A1139-E480-4146-BBD5-81410D17519E}.Release|x64.ActiveCfg = Release|x64
		{963A1139-E480-4146-BBD5-81410D17519E}.Release|x64.Build.0 = Release|x64
		{963A1139-E480-4146-BBD5-81410D17519E}.Release|x86.ActiveCfg = Release|Win32
		{963A1139-E480-4146-BBD5-81410D17519E}.Release|x86.Build.0 = Release|Win32
		{2A56F328-0520-442A-B550-F53FA316303B}.Debug|x64.ActiveCfg = Debug|x64
		{2A56F328-0520-442A-B550-F53FA316303B}.Debug|x64.Build.0 = Debug|x64
		{2A56F328-0520-442A-B550-F53FA316303B}.Debug|x86.ActiveCfg = Debug|Win32
		{2A56F328-0520-442A-B550-F53FA316303B}.Debug|x86.Build.0 = Debug|Win32
		{2A56F328-0520-442A-B550-F53FA316303B}.Release|x64.ActiveCfg = Release|x64
		{2A56F328-0520-442A-B550-F53FA316303B}.Release|x64.Build.0 = Release|x64
		{2A56F328-0520-442A-B550-F53FA316303B}.Release|x86.ActiveCfg = Release|Win32
		{2A56F328-0520-442A-B550-F53FA316303B}.Release|x86.Build.0 = Release|Win32
		{8A855D7F-0F0B-46A9-8800-93250E9E48D1}.Debug|x64.ActiveCfg = Debug|x64
		{8A855D7F-0F0B-46A9-8800-93250E9E48D1}.Debug|x64.Build.0 = Debug|x64
		{8A855D7F-0F0B-46A9-8800-93250E9E48D1}.Debug|x86.ActiveCfg = Debug|Win32
		{8A855D7F-0F0B-46A9-8800-93250E9E48D1}.Debug|x86.Build.0 = Debug|Win32
		{8A855D7F-0F0B-46A9-8800-93250E9E48D1}.Release|x64.ActiveCfg = Release|x64
		{8A855D7F-0F0B-46A9-8800-93250E9E48D1}.Release|x64.Build.0 = Release|x64
		{8A855D7F-0F0B-46A9-8800-93250E9E48D1}.Release|x86.ActiveCfg = Release|Win32
		{8A855D7F-0F0B-46A9-8800-93250E9E48D1}.Release|x86.Build.0 = Release|Win32
		{3D243A09-A329-40E1-B98B-96559C58BD8D}.Debug|x64.ActiveCfg = Debug|x64
		{3D243A09-A329-40E1-B98B-96559C58BD8D}.Debug|x64.Build.0 = Debug|x64
		{3D243A09-A329-40E1-B98B-96559C58BD8D}.Debug|x86.ActiveCfg = Debug|Win32
		{3D243A09-A329-40E1-B98B-96559C58BD8D}.Debug|x86.Build.0 = Debug|Win32
		{3D243A09-A329-40E1-B98B-96559C58BD8D}.Release|x64.ActiveCfg = Release|x64
		{3D243A09-A329-40E1-B98B-96559C58BD8D}.Release|x64.Build.0 = Release|x64
		{3D243A09-A329-40E1-B98B-96559C58BD8D}.Release|x86.ActiveCfg = Release|Win32
		{3D243A09-A329-40E1-B98B-96559C58BD8D}.Release|x86.Build.0 = Release|Win32
		{FA25717C-D9C1-4199-A98D-5EBCB5DD6617}.Debug|x64.ActiveCfg = Debug|x64
		{FA25717C-D9C1-4199-A98D-5EBCB5DD6617}.Debug|x64.Build.0 = Debug|x64
		{FA25717C-D9C1-4199-A98D-5EBCB5DD6617}.Debug|x86.ActiveCfg = Debug|Win32
		{FA25717C-D9C1-4199-A98D-5EBCB5DD6617}.Debug|x86.Build.0 = Debug|Win32
		{FA25717C-D9C1-4199-A98D-5EBCB5DD6617}.Release|x64.ActiveCfg = Release|x64
		{FA25717C-D9C1-4199-A98D-5EBCB5DD6617}.Release|x64.Build.0 = Release|x64
		{FA25717C-D9C1-4199-A98D-5EBCB5DD6617}.Release|x86.ActiveCfg = Release|Win32
		{FA25717C-D9C1-4199-A98D-5EBCB5DD6617}.Release|x86.Build.0 = Release|Win32
		{F40A4B75-DA83-416C-AB93-D8A697AE382B}.Debug|x64.ActiveCfg = Debug|x64
		{F40A4B75-DA83-416C-AB93-D8A697AE382B}.Debug|x64.Build.0 = Debug|x64
		{F40A4B75-DA83-416C-AB93-D8A697AE382B}.Debug|x86.ActiveCfg = Debug|Win32
		{F40A4B75-DA83-416C-AB93-D8A697AE382B}.Debug|x86.Build.0 = Debug|Win32
		{F40A4B75-DA83-416C-AB93-D8A697AE382B}.Release|x64.ActiveCfg = Release|x64
		{F40A4B75-DA83-416C-AB93-D8A697AE382B}.Release|x64.Build.0 = Release|x64
		{F40A4B75-DA83-416C-AB93-D8A697AE382B}.Release|x86.ActiveCfg = Release|Win32
		{F40A4B75-DA83-416C-AB93-D8A697AE382B}.Release|x86.Build.0 = Release|Win32
		{F1D7054B-BD11-4AE0-B187-3AF34BDE8D9B}.Debug|x64.ActiveCfg = Debug|x64
		{F1D7054B-BD11-4AE0-B187-3AF34BDE8D9B}.Debug|x64.Build.0 = Debug|x64
		{F1D7054B-BD11-4AE0-B187-3AF34BDE8D9B}.Debug|x86.ActiveCfg = Debug|Win32
		{F1D7054B-BD11-4AE0-B187-3AF34BDE8D9B}.Debug|x86.Build.0 = Debug|Win32
		{F1D7054B-BD11-4AE0-B187-3AF34BDE8D9B}.Release|x64.ActiveCfg = Release|x64
		{F1D7054B-BD11-4AE0-B187-3AF34BDE8D9B}.Release|x64.Build.0 = Release|x64
		{F1D7054B-BD11-4AE0-B187-3AF34BDE8D9B}.Release|x86.ActiveCfg = Release|Win32
		{F1D7054B-BD11-4AE0-B187-3AF34BDE8D9B}.Release|x86.Build.0 = Release|Win32
		{34AC43DA-CDCD-4F2C-B85B-70417F0589B0}.Debug|x64.ActiveCfg = Debug|x64
		{34AC43DA-CDCD-4F2C-B85B-70417F0589B0}.Debug|x64.Build.0 = Debug|x64
		{34AC43DA-CDCD-4F2C-B85B-70417F0589B0}.Debug|x86.ActiveCfg = Debug|Win32
		{34AC43DA-CDCD-4F2C-B85B-70417F0589B0}.Debug|x86.Build.0 = Debug|Win32
		{34AC43DA-CDCD-4F2C-B85B-70417F0589B0}.Release|x64.ActiveCfg = Release|x64
		{34AC43DA-CDCD-4F2C-B85B-70417F0589B0}.Release|x64.Build.0 = Release|x64
		{34AC43DA-CDCD-4F2C-B85B-70417F0589B0}.Release|x86.ActiveCfg = Release|Win32
		{34AC43DA-CDCD-4F2C-B85B-70417F0589B0}.Release|x86.Build.0 = Release|Win32
		{FDE6709A-E1AD-4BC4-985D-B2A1E3ABE41C}.Debug|x64.ActiveCfg = Debug|x64
		{FDE6709A-E1AD-4BC4-985D-B2A1E3ABE41C}.Debug|x64.Build.0 = Debug|x64
		{FDE6709A-E1AD-4BC4-985D-B2A1E3ABE41C}.Debug|x86.ActiveCfg = Debug|Win32
		{FDE6709A-E1AD-4BC4-985D-B2A1E3ABE41C}.Debug|x86.Build.0 = Debug|Win32
		{FDE6709A-E1AD-4BC4-985D-B2A1E3ABE41C}.Release|x64.ActiveCfg = Release|x64
		{FDE6709A-E1AD-4BC4-985D-B2A1E3ABE41C}.Release|x64.Build.0 = Release|x64
		{FDE6709A-E1AD-4BC4-985D-B2A1E3ABE41C}.Release|x86.ActiveCfg = Release|Win32
		{FDE6709A-E1AD-4BC4-985D-B2A1E3ABE41C}.Release|x86.Build.0 = Release|Win32
		{9E500358-49BF-48FE-92F6-571016904BD8}.Debug|x64.ActiveCfg = Debug|x64
		{9E500358-49BF-48FE-92F6-571016904BD8}.Debug|x64.Build.0 = Debug|x64
		{9E500358-49BF-48FE-92F6-571016904BD8}.Debug|x86.ActiveCfg = Debug|Win32
		{9E500358-49BF-48FE-92F6-571016904BD8}.Debug|x86.Build.0 = Debug|Win32
		{9E500358-49BF-48FE-92F6-571016904BD8}.Release|x64.ActiveCfg = Release|x64
		{9E500358-49BF-48FE-92F6-571016904BD8}.Release|x64.Build.0 = Release|x64
		{9E500358-49BF-48FE-92F6-571016904BD8}.Release|x86.ActiveCfg = Release|Win32
		{9E500358-49BF-48FE-92F6-571016904BD8}.Release|x86.Build.0 = Release|Win32
		{D890AF3F-D095-462C-BA0E-40AD3340CB5E}.Debug|x64.ActiveCfg = Debug|x64
		{D890AF3F-D095-462C-BA0E-40AD3340CB5E}.Debug|x64.Build.0 = Debug|x64
		{D890AF3F-D095-462C-BA0E-40AD3340CB5E}.Debug|x86.ActiveCfg = Debug|Win32
		{D890AF3F-D095-462C-BA0E-40AD3340CB5E}.Debug|x86.Build.0 = Debug|Win32
		{D890AF3F-D095-462C-BA0E-40AD3340CB5E}.Release|x64.ActiveCfg = Release|x64
		{D890AF3F-D095-462C-BA0E-40AD3340CB5E}.Release|x64.Build.0 = Release|x64
		{D890AF3F-D095-462C-BA0E-40AD3340CB5E}.Release|x86.ActiveCfg = Release|Win32
		{D890AF3F-D095-462C-BA0E-40AD3340CB5E}.Release|x86.Build.0 = Release|Win32
		{640E5F2F-7AA0-4FE1-B17D-9DED7D6BB503}.Debug|x64.ActiveCfg = Debug|x64
		{640E5F2F-7AA0-4FE1-B17D-9DED7D6BB503}.Debug|x64.Build.0 = Debug|x64
		{640E5F2F-7AA0-4FE1-B17D-9DED7D6BB503}.Debug|x86.ActiveCfg = Debug|Win32
		{640E5F2F-7AA0-4FE1-B17D-9DED7D6BB503}.Debug|x86.Build.0 = Debug|Win32
		{640E5F2F-7AA0-4FE1-B17D-9DED7D6BB503}.Release|x64.ActiveCfg = Release|x64
		{640E5F2F-7AA0-4FE1-B17D-9DED7D6BB503}.Release|x64.Build.0 = Release|x64
		{640E5F2F-7AA0-4FE1-B17D-9DED7D6BB503}.Release|x86.ActiveCfg = Release|Win32
		{640E5F2F-7AA0-4FE1-B17D-9DED7D6BB503}.Release|x86.Build.0 = Release|Win32
		{3141B47C-891A-49FD-84D2-6AAFF6B580A3}.Debug|x64.ActiveCfg = Debug|x64
		{3141B47C-891A-49FD-84D2-6AAFF6B580A3}.Debug|x64.Build.0 = Debug|x64
		{3141B47C-891A-49FD-84D2-6AAFF6B580A3}.Debug|x86.ActiveCfg = Debug|Win32
		{3141B47C-891A-49FD-84D2-6AAFF6B580A3}.Debug|x86.Build.0 = Debug|Win32
		{3141B47C-891A-49FD-84D2-6AAFF6B580A3}.Release|x64.ActiveCfg = Release|x64
		{3141B47C-891A-49FD-84D2-6AAFF6B580A3}.Release|x64.Build.0 = Release|x64
		{3141B47C-891A-49FD-84D2-6AAFF6B580A3}.Release|x86.ActiveCfg = Release|Win32
		{3141B47C-891A-49FD-84D2-6AAFF6B580A3}.Release|x86.Build.0 = Release|Win32
		{637B8C88-4C69-4469-813C-AC996512F692}.Debug|x64.ActiveCfg = Debug|x64
		{637B8C88-4C69-4469-813C-AC996512F692}.Debug|x64.Build.0 = Debug|x64
		{637B8C88-4C69-4469-813C-AC996512F692}.Debug|x86.ActiveCfg = Debug|Win32
		{637B8C88-4C69-4469-813C-AC996512F692}.Debug|x86.Build.0 = Debug|Win32
		{637B8C88-4C69-4469-813C-AC996512F692}.Release|x64.ActiveCfg = Release|x64
		{637B8C88-4C69-4469-813C-AC996512F692}.Release|x64.Build.0 = Release|x64
		{637B8C88-4C69-4469-813C-AC996512F692}.Release|x86.ActiveCfg = Release|Win32
		{637B8C88-4C69-4469-813C-AC996512F692}.Release|x86.Build.0 = Release|Win32
		{CF7D8CE5-8B91-4BE4-9218-A05919F96714}.Debug|x64.ActiveCfg = Debug|x64
		{CF7D8CE5-8B91-4BE4-9218-A05919F96714}.Debug|x64.Build.0 = Debug|x64
		{CF7D8CE5-8B91-4BE4-9218-A05919F96714}.Debug|x86.ActiveCfg = Debug|Win32
		{CF7D8CE5-8B91-4BE4-9218-A05919F96714}.Debug|x86.Build.0 = Debug|Win32
		{CF7D8CE5-8B91-4BE4-9218-A05919F96714}.Release|x64.ActiveCfg = Release|x64
		{CF7D8CE5-8B91-4BE4-9218-A05919F96714}.Release|x64.Build.0 = Release|x64
		{CF7D8CE5-8B91-4BE4-9218-A05919F96714}.Release|x86.ActiveCfg = Release|Win32
		{CF7D8CE5-8B91-4BE4-9218-A05919F96714}.Release|x86.Build.0 = Release|Win32
		{62AA11B5-AD5F-486B-A962-78346F0EA28C}.Debug|x64.ActiveCfg = Debug|x64
		{62AA11B5-AD5F-486B-A962-78346F0EA28C}.Debug|x64.Build.0 = Debug|x64
		{62AA11B5-AD5F-486B-A962-78346F0EA28C}.Debug|x86.ActiveCfg = Debug|Win32
		{62AA11B5-AD5F-486B-A962-78346F0EA28C}.Debug|x86.Build.0 = Debug|Win32
		{62AA11B5-AD5F-486B-A962-78346F0EA28C}.Release|x64.ActiveCfg = Release|x64
		{62AA11B5-AD5F-486B-A962-78346F0EA28C}.Release|x64.Build.0 = Release|x64
		{62AA11B5-AD5F-486B-A962-78346F0EA28C}.Release|x86.ActiveCfg = Release|Win32
		{62AA11B5-AD5F-486B-A962-78346F0EA28C}.Release|x86.Build.0 = Release|Win32
		{F4845F6B-658F-40BE-8DC3-19244F0048F5}.Debug|x64.ActiveCfg = Debug|x64
		{F4845F6B-658F-40BE-8DC3-19244F0048F5}.Debug|x64.Build.0 = Debug|x64
		{F4845F6B-658F-40BE-8DC3-19244F0048F5}.Debug|x86.ActiveCfg = Debug|Win32
		{F4845F6B-658F-40BE-8DC3-19244F0048F5}.Debug|x86.Build.0 = Debug|Win32
		{F4845F6B-658F-40BE-8DC3-19244F0048F5}.Release|x64.ActiveCfg = Release|x64
		{F4845F6B-658F-40BE-8DC3-19244F0048F5}.Release|x64.Build.0 = Release|x64
		{F4845F6B-658F-40BE-8DC3-19244F0048F5}.Release|x86.ActiveCfg = Release|Win32
		{F4845F6B-658F-40BE-8DC3-19244F0048F5}.Release|x86.Build.0 = Release|Win32
		{3EE1BB54-0887-4FEB-89E9-B6606260449A}.Debug|x64.ActiveCfg = Debug|x64
		{3EE1BB54-0887-4FEB-89E9-B6606260449A}.Debug|x64.Build.0 = Debug|x64
		{3EE1BB54-0887-4FEB-89E9-B6606260449A}.Debug|x86.ActiveCfg = Debug|Win32
		{3EE1BB54-0887-4FEB-89E9-B6606260449A}.Debug|x86.Build.0 = Debug|Win32
		{3EE1BB54-0887-4FEB-89E9-B6606260449A}.Release|x64.ActiveCfg = Release|x64
		{3EE1BB54-0887-4FEB-89E9-B6606260449A}.Release|x64.Build.0 = Release|x64
		{3EE1BB54-0887-4FEB-89E9-B6606260449A}.Release|x86.ActiveCfg = Release|Win32
		{3EE1BB54-0887-4FEB-89E9-B6606260449A}.Release|x86.Build.0 = Release|Win32
		{46E281D0-9FFB-42DB-A6C3-88B12B3239BB}.Debug|x64.ActiveCfg = Debug|x64
		{46E281D0-9FFB-42DB-A6C3-88B12B3239BB}.Debug|x64.Build.0 = Debug|x64
		{46E281D0-9FFB-42DB-A6C3-88B12B3239BB}.Debug|x86.ActiveCfg = Debug|Win32
		{46E281D0-9FFB-42DB-A6C3-88B12B3239BB}.Debug|x86.Build.0 = Debug|Win32
		{46E281D0-9FFB-42DB-A6C3-88B12B3239BB}.Release|x64.ActiveCfg = Release|x64
		{46E281D0-9FFB-42DB-A6C3-88B12B3239BB}.Release|x64.Build.0 = Release|x64
		{46E281D0-9FFB-42DB-A6C3-88B12B3239BB}.Release|x86.ActiveCfg = Release|Win32
		{46E281D0-9FFB-42DB-A6C3-88B12B3239BB}.Release|x86.Build.0 = Release|Win32
		{CB67D6A2-065C-4E15-AAF6-A75E7B34660D}.Debug|x64.ActiveCfg = Debug|x64
		{CB67D6A2-065C-4E15-AAF6-A75E7B34660D}.Debug|x64.Build.0 = Debug|x64
		{CB67D6A2-065C-4E15-AAF6-A75E7B34660D}.Debug|x86.ActiveCfg = Debug|Win32
		{CB67D6A2-065C-4E15-AAF6-A75E7B34660D}.Debug|x86.Build.0 = Debug|Win32
		{CB67D6A2-065C-4E15-AAF6-A75E7B34660D}.Release|x64.ActiveCfg = Release|x64
		{CB67D6A2-065C-4E15-AAF6-A75E7B34660D}.Release|x64.Build.0 = Release|x64
		{CB67D6A2-065C-4E15-AAF6-A75E7B34660D}.Release|x86.ActiveCfg = Release|Win32
		{CB67D6A2-065C-4E15-AAF6-A75E7B34660D}.Release|x86.Build.0 = Release|Win32
		{88DF32B3-8374-4F16-AD5C-4613FBE62A40}.Debug|x64.ActiveCfg = Debug|x64
		{88DF32B3-8374-4F16-AD5C-4613FBE62A40}.Debug|x64.Build.0 = Debug|x64
		{88DF32B3-8374-4F16-AD5C-4613FBE62A40}.Debug|x86.ActiveCfg = Debug|Win32
		{88DF32B3-8374-4F16-AD5C-4613FBE62A40}.Debug|x86.Build.0 = Debug|Win32
		{88DF32B3-8374-4F16-AD5C-4613FBE62A40}.Release|x64.ActiveCfg = Release|x64
		{88DF32B3-8374-4F16-AD5C-4613FBE62A40}.Release|x64.Build.0 = Release|x64
		{88DF32B3-8374-4F16-AD5C-4613FBE62A40}.Release|x86.ActiveCfg = Release|Win32
		{88DF32B3-8374-4F16-AD5C-4613FBE62A40}.Release|x86.Build.0 = Release|Win32
		{C10D934A-6CF3-4C9F-BB4C-4FCDF2B8C23C}.Debug|x64.ActiveCfg = Debug|x64
		{C10D934A-6CF3-4C9F-BB4C-4FCDF2B8C23C}.Debug|x64.Build.0 = Debug|x64
		{C10D934A-6CF3-4C9F-BB4C-4FCDF2B8C23C}.Debug|x86.ActiveCfg = Debug|Win32
		{C10D934A-6CF3-4C9F-BB4C-4FCDF2B8C23C}.Debug|x86.Build.0 = Debug|Win32
		{C10D934A-6CF3-4C9F-BB4C-4FCDF2B8C23C}.Release|x64.ActiveCfg = Release|x64
		{C10D934A-6CF3-4C9F-BB4C-4FCDF2B8C23C}.Release|x64.Build.0 = Release|x64
		{C10D934A-6CF3-4C9F-BB4C-4FCDF2B8C23C}.Release|x86.ActiveCfg = Release|Win32
		{C10D934A-6CF3-4C9F-BB4C-4FCDF2B8C23C}.Release|x86.Build.0 = Release|Win32
		{6DB482BC-AC04-4F3E-A79B-376D2951C0B0}.Debug|x64.ActiveCfg = Debug|x64
		{6DB482BC-AC04-4F3E-A79B-376D2951C0B0}.Debug|x64.Build.0 = Debug|x64
		{6DB482BC-AC04-4F3E-A79B-376D2951C0B0}.Debug|x86.ActiveCfg = Debug|Win32
		{6DB482BC-AC04-4F3E-A79B-376D2951C0B0}.Debug|x86.Build.0 = Debug|Win32
		{6DB482BC-AC04-4F3E-A79B-376D2951C0B0}.Release|x64.ActiveCfg = Release|x64
		{6DB482BC-AC04-4F3E-A79B-376D2951C0B0}.Release|x64.Build.0 = Release|x64
		{6DB482BC-AC04-4F3E-A79B-376D2951C0B0}.Release|x86.ActiveCfg = Release|Win32
		{6DB482BC-AC04-4F3E-A79B-376D2951C0B0}.Release|x86.Build.0 = Release|Win32
		{B85C4BB4-A54D-4D1B-9983-4BB271F00957}.Debug|x64.ActiveCfg = Debug|x64
		{B85C4BB4-A54D-4D1B-9983-4BB271F00957}.Debug|x64.Build.0 = Debug|x64
		{B85C4BB4-A54D-4D1B-9983-4BB271F00957}.Debug|x86.ActiveCfg = Debug|Win32
		{B85C4BB4-A54D-4D1B-9983-4BB271F00957}.Debug|x86.Build.0 = Debug|Win32
		{B85C4BB4-A54D-4D1B-9983-4BB271F00957}.Release|x64.ActiveCfg = Release|x64
		{B85C4BB4-A54D-4D1B-9983-4BB271F00957}.Release|x64.Build.0 = Release|x64
		{B85C4BB4-A54D-4D1B-9983-4BB271F00957}.Release|x86.ActiveCfg = Release|Win32
		{B85C4BB4-A54D-4D1B-9983-4BB271F00957}.Release|x86.Build.0 = Release|Win32
		{D29DCD48-FDB6-4A58-8906-39ACC58C7A27}.Debug|x64.ActiveCfg = Debug|x64
		{D29DCD48-FDB6-4A58-8906-39ACC58C7A27}.Debug|x64.Build.0 = Debug|x64
		{D29DCD48-FDB6-4A58-8906-39ACC58C7A27}.Debug|x86.ActiveCfg = Debug|Win32
		{D29DCD48-FDB6-4A58-8906-39ACC58C7A27}.Debug|x86.Build.0 = Debug|Win32
		{D29DCD48-FDB6-4A58-8906-39ACC58C7A27}.Release|x64.ActiveCfg = Release|x64
		{D29DCD48-FDB6-4A58-8906-39ACC58C7A27}.Release|x64.Build.0 = Release|x64
		{D29DCD48-FDB6-4A58-8906-39ACC58C7A27}.Release|x86.ActiveCfg = Release|Win32
		{D29DCD48-FDB6-4A58-8906-39ACC58C7A27}.Release|x86.Build.0 = Release|Win32
	EndGlobalSection
	GlobalSection(SolutionProperties) = preSolution
		HideSolutionNode = FALSE
	EndGlobalSection
EndGlobal
